# This file is automatically @generated by Cargo.
# It is not intended for manual editing.
version = 3

[[package]]
name = "anyhow"
version = "1.0.70"
source = "registry+https://github.com/rust-lang/crates.io-index"
checksum = "7de8ce5e0f9f8d88245311066a578d72b7af3e7088f32783804676302df237e4"

[[package]]
name = "atomic-polyfill"
version = "0.1.11"
source = "registry+https://github.com/rust-lang/crates.io-index"
checksum = "e3ff7eb3f316534d83a8a2c3d1674ace8a5a71198eba31e2e2b597833f699b28"
dependencies = [
 "critical-section",
]

[[package]]
name = "atomic-polyfill"
version = "1.0.2"
source = "registry+https://github.com/rust-lang/crates.io-index"
checksum = "c314e70d181aa6053b26e3f7fbf86d1dfff84f816a6175b967666b3506ef7289"
dependencies = [
 "critical-section",
]

[[package]]
name = "autocfg"
version = "1.1.0"
source = "registry+https://github.com/rust-lang/crates.io-index"
checksum = "d468802bab17cbc0cc575e9b053f41e72aa36bfa6b7f55e3529ffa43161b97fa"

[[package]]
name = "bit_field"
version = "0.10.2"
source = "registry+https://github.com/rust-lang/crates.io-index"
checksum = "dc827186963e592360843fb5ba4b973e145841266c1357f7180c43526f2e5b61"

[[package]]
name = "bitflags"
version = "1.3.2"
source = "registry+https://github.com/rust-lang/crates.io-index"
checksum = "bef38d45163c2f1dde094a7dfd33ccf595c92905c8f8f4fdc18d06fb1037718a"

[[package]]
name = "byteorder"
version = "1.4.3"
source = "registry+https://github.com/rust-lang/crates.io-index"
checksum = "14c189c53d098945499cdfa7ecc63567cf3886b3332b312a5b4585d8d3a6a610"

[[package]]
name = "cfg-if"
version = "1.0.0"
source = "registry+https://github.com/rust-lang/crates.io-index"
checksum = "baf1de4339761588bc0619e3cbc0120ee582ebb74b53b4efbf79117bd2da40fd"

[[package]]
name = "crc"
version = "3.0.1"
source = "registry+https://github.com/rust-lang/crates.io-index"
checksum = "86ec7a15cbe22e59248fc7eadb1907dab5ba09372595da4d73dd805ed4417dfe"
dependencies = [
 "crc-catalog",
]

[[package]]
name = "crc-catalog"
version = "2.2.0"
source = "registry+https://github.com/rust-lang/crates.io-index"
checksum = "9cace84e55f07e7301bae1c519df89cdad8cc3cd868413d3fdbdeca9ff3db484"

[[package]]
name = "critical-section"
version = "1.1.1"
source = "registry+https://github.com/rust-lang/crates.io-index"
checksum = "6548a0ad5d2549e111e1f6a11a6c2e2d00ce6a3dafe22948d67c2b443f775e52"

[[package]]
name = "darling"
version = "0.14.4"
source = "registry+https://github.com/rust-lang/crates.io-index"
checksum = "7b750cb3417fd1b327431a470f388520309479ab0bf5e323505daf0290cd3850"
dependencies = [
 "darling_core",
 "darling_macro",
]

[[package]]
name = "darling_core"
version = "0.14.4"
source = "registry+https://github.com/rust-lang/crates.io-index"
checksum = "109c1ca6e6b7f82cc233a97004ea8ed7ca123a9af07a8230878fcfda9b158bf0"
dependencies = [
 "fnv",
 "ident_case",
 "proc-macro2",
 "quote",
 "strsim",
 "syn 1.0.109",
]

[[package]]
name = "darling_macro"
version = "0.14.4"
source = "registry+https://github.com/rust-lang/crates.io-index"
checksum = "a4aab4dbc9f7611d8b55048a3a16d2d010c2c8334e46304b40ac1cc14bf3b48e"
dependencies = [
 "darling_core",
 "quote",
 "syn 1.0.109",
]

[[package]]
name = "embedded-dma"
version = "0.2.0"
source = "registry+https://github.com/rust-lang/crates.io-index"
checksum = "994f7e5b5cb23521c22304927195f236813053eb9c065dd2226a32ba64695446"
dependencies = [
 "stable_deref_trait",
]

[[package]]
name = "embedded-hal"
version = "0.2.7"
source = "registry+https://github.com/rust-lang/crates.io-index"
checksum = "35949884794ad573cf46071e41c9b60efb0cb311e3ca01f7af807af1debc66ff"
dependencies = [
 "nb 0.1.3",
 "void",
]

[[package]]
name = "embedded-io"
version = "0.3.1"
source = "registry+https://github.com/rust-lang/crates.io-index"
checksum = "33dfba9e6c113f2fd8537c943780a7345945e66c86972e356b1152e19481bcf5"

[[package]]
name = "embedded-io"
version = "0.4.0"
source = "registry+https://github.com/rust-lang/crates.io-index"
checksum = "ef1a6892d9eef45c8fa6b9e0086428a2cca8491aca8f787c534a3d6d0bcb3ced"

[[package]]
name = "embedded-storage"
version = "0.3.0"
source = "registry+https://github.com/rust-lang/crates.io-index"
checksum = "156d7a2fdd98ebbf9ae579cbceca3058cff946e13f8e17b90e3511db0508c723"

[[package]]
name = "embedded-svc"
version = "0.23.2"
source = "registry+https://github.com/rust-lang/crates.io-index"
checksum = "25d1ffdfc6c4ca5a8d308a0df8c0e82ca52cdb63c5bd4d8ae6c36889887756b6"
dependencies = [
 "embedded-io 0.3.1",
 "enumset",
 "heapless",
 "no-std-net",
 "serde",
]

[[package]]
name = "enumset"
version = "1.0.12"
source = "registry+https://github.com/rust-lang/crates.io-index"
checksum = "19be8061a06ab6f3a6cf21106c873578bf01bd42ad15e0311a9c76161cb1c753"
dependencies = [
 "enumset_derive",
]

[[package]]
name = "enumset_derive"
version = "0.6.1"
source = "registry+https://github.com/rust-lang/crates.io-index"
checksum = "03e7b551eba279bf0fa88b83a46330168c1560a52a94f5126f892f0b364ab3e0"
dependencies = [
 "darling",
 "proc-macro2",
 "quote",
 "syn 1.0.109",
]

[[package]]
name = "esp-backtrace"
version = "0.6.0"
source = "registry+https://github.com/rust-lang/crates.io-index"
checksum = "e628c86c7f56b0511f7ce1d6b1fe9abe070d89556f227e297ed0c8122b9aaef6"
dependencies = [
 "esp-println",
]

[[package]]
name = "esp-hal-common"
version = "0.7.1"
source = "registry+https://github.com/rust-lang/crates.io-index"
checksum = "5df3ec9a2e4df155e5a99f50b76a3a6733e69941d453085d3258846e1bd0a64e"
dependencies = [
 "cfg-if",
 "critical-section",
 "embedded-dma",
 "embedded-hal",
 "esp-hal-procmacros",
 "esp-riscv-rt",
 "esp32c3",
 "fugit",
 "nb 1.1.0",
 "paste",
 "riscv-atomic-emulation-trap",
 "strum",
 "void",
]

[[package]]
name = "esp-hal-procmacros"
version = "0.4.0"
source = "registry+https://github.com/rust-lang/crates.io-index"
checksum = "214510c5399a574ee6a521be48851d06aaa188b40c4b6b8f2a2c3b8d22afd12e"
dependencies = [
 "darling",
 "proc-macro-crate",
 "proc-macro-error",
 "proc-macro2",
 "quote",
 "syn 1.0.109",
]

[[package]]
name = "esp-println"
version = "0.4.0"
source = "registry+https://github.com/rust-lang/crates.io-index"
checksum = "c33a9d1eb60882ec910021bda7b67ce789dd0d6325b886e6739ef9d8f495ae22"
dependencies = [
 "critical-section",
 "log",
]

[[package]]
name = "esp-riscv-rt"
version = "0.1.0"
source = "registry+https://github.com/rust-lang/crates.io-index"
checksum = "c363bf30aae3c13e849315b73227de75dca813de53f5233f1fa7064f5adea641"
dependencies = [
 "r0",
 "riscv",
 "riscv-rt-macros",
]

[[package]]
name = "esp-storage"
version = "0.1.0"
source = "registry+https://github.com/rust-lang/crates.io-index"
checksum = "c39d2dfde1b5ee68c8380ec801afdce6fd242270b40ea4cf2e943abf6efa591e"
dependencies = [
 "embedded-storage",
]

[[package]]
name = "esp-wifi"
version = "0.1.0"
source = "git+https://github.com/esp-rs/esp-wifi.git?rev=76ba312b55b841cbbe9090c4f8dfb12ad379bb38#76ba312b55b841cbbe9090c4f8dfb12ad379bb38"
dependencies = [
 "atomic-polyfill 1.0.2",
 "critical-section",
 "embedded-hal",
 "embedded-io 0.4.0",
 "embedded-svc",
 "enumset",
 "esp-wifi-sys",
 "esp32c3",
 "esp32c3-hal",
 "fugit",
 "heapless",
 "linked_list_allocator",
 "log",
 "num-derive",
 "num-traits",
 "smoltcp",
]

[[package]]
name = "esp-wifi-sys"
version = "0.1.0"
source = "git+https://github.com/esp-rs/esp-wifi.git?rev=76ba312b55b841cbbe9090c4f8dfb12ad379bb38#76ba312b55b841cbbe9090c4f8dfb12ad379bb38"
dependencies = [
 "anyhow",
]

[[package]]
name = "esp32c3"
version = "0.11.0"
source = "registry+https://github.com/rust-lang/crates.io-index"
checksum = "471e4ccbeb7b898927ff8e115288353b47cf9c948c75c1d25a0e71c9b97678ae"
dependencies = [
 "critical-section",
 "vcell",
]

[[package]]
name = "esp32c3-hal"
version = "0.7.0"
source = "registry+https://github.com/rust-lang/crates.io-index"
checksum = "cfd7f5e718f699c26e112ecb09233c2d8b401db2316625cd78a729ab75f775f9"
dependencies = [
 "cfg-if",
 "embedded-hal",
 "esp-hal-common",
 "r0",
]

[[package]]
name = "esp32c3_ota_experiment"
version = "0.1.0"
dependencies = [
 "crc",
 "embedded-hal",
 "embedded-io 0.4.0",
 "embedded-storage",
 "embedded-svc",
 "esp-backtrace",
 "esp-println",
 "esp-storage",
 "esp-wifi",
 "esp32c3-hal",
 "heapless",
 "log",
 "smoltcp",
]

[[package]]
name = "fnv"
version = "1.0.7"
source = "registry+https://github.com/rust-lang/crates.io-index"
checksum = "3f9eec918d3f24069decb9af1554cad7c880e2da24a9afd88aca000531ab82c1"

[[package]]
name = "fugit"
version = "0.3.6"
source = "registry+https://github.com/rust-lang/crates.io-index"
checksum = "7ab17bb279def6720d058cb6c052249938e7f99260ab534879281a95367a87e5"
dependencies = [
 "gcd",
]

[[package]]
name = "gcd"
version = "2.3.0"
source = "registry+https://github.com/rust-lang/crates.io-index"
checksum = "1d758ba1b47b00caf47f24925c0074ecb20d6dfcffe7f6d53395c0465674841a"

[[package]]
name = "hash32"
version = "0.2.1"
source = "registry+https://github.com/rust-lang/crates.io-index"
checksum = "b0c35f58762feb77d74ebe43bdbc3210f09be9fe6742234d573bacc26ed92b67"
dependencies = [
 "byteorder",
]

[[package]]
name = "hashbrown"
version = "0.12.3"
source = "registry+https://github.com/rust-lang/crates.io-index"
checksum = "8a9ee70c43aaf417c914396645a0fa852624801b24ebb7ae78fe8272889ac888"

[[package]]
name = "heapless"
version = "0.7.16"
source = "registry+https://github.com/rust-lang/crates.io-index"
checksum = "db04bc24a18b9ea980628ecf00e6c0264f3c1426dac36c00cb49b6fbad8b0743"
dependencies = [
 "atomic-polyfill 0.1.11",
 "hash32",
 "rustc_version",
 "spin",
 "stable_deref_trait",
]

[[package]]
name = "heck"
version = "0.4.1"
source = "registry+https://github.com/rust-lang/crates.io-index"
checksum = "95505c38b4572b2d910cecb0281560f54b440a19336cbbcb27bf6ce6adc6f5a8"

[[package]]
name = "ident_case"
version = "1.0.1"
source = "registry+https://github.com/rust-lang/crates.io-index"
checksum = "b9e0384b61958566e926dc50660321d12159025e767c18e043daf26b70104c39"

[[package]]
name = "indexmap"
version = "1.9.2"
source = "registry+https://github.com/rust-lang/crates.io-index"
checksum = "1885e79c1fc4b10f0e172c475f458b7f7b93061064d98c3293e98c5ba0c8b399"
dependencies = [
 "autocfg",
 "hashbrown",
]

[[package]]
name = "linked_list_allocator"
version = "0.10.5"
source = "registry+https://github.com/rust-lang/crates.io-index"
checksum = "9afa463f5405ee81cdb9cc2baf37e08ec7e4c8209442b5d72c04cfb2cd6e6286"

[[package]]
name = "lock_api"
version = "0.4.9"
source = "registry+https://github.com/rust-lang/crates.io-index"
checksum = "435011366fe56583b16cf956f9df0095b405b82d76425bc8981c0e22e60ec4df"
dependencies = [
 "autocfg",
 "scopeguard",
]

[[package]]
name = "log"
version = "0.4.17"
source = "registry+https://github.com/rust-lang/crates.io-index"
checksum = "abb12e687cfb44aa40f41fc3978ef76448f9b6038cad6aef4259d3c095a2382e"
dependencies = [
 "cfg-if",
]

[[package]]
name = "managed"
version = "0.8.0"
source = "registry+https://github.com/rust-lang/crates.io-index"
checksum = "0ca88d725a0a943b096803bd34e73a4437208b6077654cc4ecb2947a5f91618d"

[[package]]
name = "memchr"
version = "2.5.0"
source = "registry+https://github.com/rust-lang/crates.io-index"
checksum = "2dffe52ecf27772e601905b7522cb4ef790d2cc203488bbd0e2fe85fcb74566d"

[[package]]
name = "nb"
version = "0.1.3"
source = "registry+https://github.com/rust-lang/crates.io-index"
checksum = "801d31da0513b6ec5214e9bf433a77966320625a37860f910be265be6e18d06f"
dependencies = [
 "nb 1.1.0",
]

[[package]]
name = "nb"
version = "1.1.0"
source = "registry+https://github.com/rust-lang/crates.io-index"
checksum = "8d5439c4ad607c3c23abf66de8c8bf57ba8adcd1f129e699851a6e43935d339d"

[[package]]
name = "no-std-net"
version = "0.5.0"
source = "registry+https://github.com/rust-lang/crates.io-index"
checksum = "1bcece43b12349917e096cddfa66107277f123e6c96a5aea78711dc601a47152"

[[package]]
name = "num-derive"
version = "0.3.3"
source = "registry+https://github.com/rust-lang/crates.io-index"
checksum = "876a53fff98e03a936a674b29568b0e605f06b29372c2489ff4de23f1949743d"
dependencies = [
 "proc-macro2",
 "quote",
 "syn 1.0.109",
]

[[package]]
name = "num-traits"
version = "0.2.15"
source = "registry+https://github.com/rust-lang/crates.io-index"
checksum = "578ede34cf02f8924ab9447f50c28075b4d3e5b269972345e7e0372b38c6cdcd"
dependencies = [
 "autocfg",
]

[[package]]
name = "once_cell"
version = "1.17.1"
source = "registry+https://github.com/rust-lang/crates.io-index"
checksum = "b7e5500299e16ebb147ae15a00a942af264cf3688f47923b8fc2cd5858f23ad3"

[[package]]
name = "paste"
version = "1.0.12"
source = "registry+https://github.com/rust-lang/crates.io-index"
checksum = "9f746c4065a8fa3fe23974dd82f15431cc8d40779821001404d10d2e79ca7d79"

[[package]]
name = "proc-macro-crate"
version = "1.3.1"
source = "registry+https://github.com/rust-lang/crates.io-index"
checksum = "7f4c021e1093a56626774e81216a4ce732a735e5bad4868a03f3ed65ca0c3919"
dependencies = [
 "once_cell",
 "toml_edit",
]

[[package]]
name = "proc-macro-error"
version = "1.0.4"
source = "registry+https://github.com/rust-lang/crates.io-index"
checksum = "da25490ff9892aab3fcf7c36f08cfb902dd3e71ca0f9f9517bea02a73a5ce38c"
dependencies = [
 "proc-macro-error-attr",
 "proc-macro2",
 "quote",
 "syn 1.0.109",
 "version_check",
]

[[package]]
name = "proc-macro-error-attr"
version = "1.0.4"
source = "registry+https://github.com/rust-lang/crates.io-index"
checksum = "a1be40180e52ecc98ad80b184934baf3d0d29f979574e439af5a55274b35f869"
dependencies = [
 "proc-macro2",
 "quote",
 "version_check",
]

[[package]]
name = "proc-macro2"
version = "1.0.53"
source = "registry+https://github.com/rust-lang/crates.io-index"
checksum = "ba466839c78239c09faf015484e5cc04860f88242cff4d03eb038f04b4699b73"
dependencies = [
 "unicode-ident",
]

[[package]]
name = "quote"
version = "1.0.26"
source = "registry+https://github.com/rust-lang/crates.io-index"
checksum = "4424af4bf778aae2051a77b60283332f386554255d722233d09fbfc7e30da2fc"
dependencies = [
 "proc-macro2",
]

[[package]]
name = "r0"
version = "1.0.0"
source = "registry+https://github.com/rust-lang/crates.io-index"
checksum = "bd7a31eed1591dcbc95d92ad7161908e72f4677f8fabf2a32ca49b4237cbf211"

[[package]]
name = "riscv"
version = "0.10.1"
source = "registry+https://github.com/rust-lang/crates.io-index"
checksum = "aa3145d2fae3778b1e31ec2e827b228bdc6abd9b74bb5705ba46dcb82069bc4f"
dependencies = [
 "bit_field",
 "critical-section",
 "embedded-hal",
]

[[package]]
name = "riscv-atomic-emulation-trap"
version = "0.4.0"
source = "registry+https://github.com/rust-lang/crates.io-index"
checksum = "da39f4a5642a62e8e16bb438c37e6f90ea388ca0b7960fe875ea39887155d6ba"

[[package]]
name = "riscv-rt-macros"
version = "0.2.0"
source = "registry+https://github.com/rust-lang/crates.io-index"
checksum = "f38509d7b17c2f604ceab3e5ff8ac97bb8cd2f544688c512be75c715edaf4daf"
dependencies = [
 "proc-macro2",
 "quote",
 "syn 1.0.109",
]

[[package]]
name = "rustc_version"
version = "0.4.0"
source = "registry+https://github.com/rust-lang/crates.io-index"
checksum = "bfa0f585226d2e68097d4f95d113b15b83a82e819ab25717ec0590d9584ef366"
dependencies = [
 "semver",
]

[[package]]
name = "rustversion"
version = "1.0.12"
source = "registry+https://github.com/rust-lang/crates.io-index"
checksum = "4f3208ce4d8448b3f3e7d168a73f5e0c43a61e32930de3bceeccedb388b6bf06"

[[package]]
name = "scopeguard"
version = "1.1.0"
source = "registry+https://github.com/rust-lang/crates.io-index"
checksum = "d29ab0c6d3fc0ee92fe66e2d99f700eab17a8d57d1c1d3b748380fb20baa78cd"

[[package]]
name = "semver"
version = "1.0.17"
source = "registry+https://github.com/rust-lang/crates.io-index"
checksum = "bebd363326d05ec3e2f532ab7660680f3b02130d780c299bca73469d521bc0ed"

[[package]]
name = "serde"
version = "1.0.158"
source = "registry+https://github.com/rust-lang/crates.io-index"
checksum = "771d4d9c4163ee138805e12c710dd365e4f44be8be0503cb1bb9eb989425d9c9"
dependencies = [
 "serde_derive",
]

[[package]]
name = "serde_derive"
version = "1.0.158"
source = "registry+https://github.com/rust-lang/crates.io-index"
checksum = "e801c1712f48475582b7696ac71e0ca34ebb30e09338425384269d9717c62cad"
dependencies = [
 "proc-macro2",
 "quote",
 "syn 2.0.5",
]

[[package]]
name = "smoltcp"
version = "0.9.1"
source = "registry+https://github.com/rust-lang/crates.io-index"
checksum = "7e9786ac45091b96f946693e05bfa4d8ca93e2d3341237d97a380107a6b38dea"
dependencies = [
 "bitflags",
 "byteorder",
 "cfg-if",
 "heapless",
 "managed",
]

[[package]]
name = "spin"
version = "0.9.6"
source = "registry+https://github.com/rust-lang/crates.io-index"
checksum = "b5d6e0250b93c8427a177b849d144a96d5acc57006149479403d7861ab721e34"
dependencies = [
 "lock_api",
]

[[package]]
name = "stable_deref_trait"
version = "1.2.0"
source = "registry+https://github.com/rust-lang/crates.io-index"
checksum = "a8f112729512f8e442d81f95a8a7ddf2b7c6b8a1a6f509a95864142b30cab2d3"

[[package]]
name = "strsim"
version = "0.10.0"
source = "registry+https://github.com/rust-lang/crates.io-index"
checksum = "73473c0e59e6d5812c5dfe2a064a6444949f089e20eec9a2e5506596494e4623"

[[package]]
name = "strum"
version = "0.24.1"
source = "registry+https://github.com/rust-lang/crates.io-index"
checksum = "063e6045c0e62079840579a7e47a355ae92f60eb74daaf156fb1e84ba164e63f"
dependencies = [
 "strum_macros",
]

[[package]]
name = "strum_macros"
version = "0.24.3"
source = "registry+https://github.com/rust-lang/crates.io-index"
checksum = "1e385be0d24f186b4ce2f9982191e7101bb737312ad61c1f2f984f34bcf85d59"
dependencies = [
 "heck",
 "proc-macro2",
 "quote",
 "rustversion",
 "syn 1.0.109",
]

[[package]]
name = "syn"
version = "1.0.109"
source = "registry+https://github.com/rust-lang/crates.io-index"
checksum = "72b64191b275b66ffe2469e8af2c1cfe3bafa67b529ead792a6d0160888b4237"
dependencies = [
 "proc-macro2",
 "quote",
 "unicode-ident",
]

[[package]]
name = "syn"
version = "2.0.5"
source = "registry+https://github.com/rust-lang/crates.io-index"
checksum = "89c2d1c76a26822187a1fbb5964e3fff108bc208f02e820ab9dac1234f6b388a"
dependencies = [
 "proc-macro2",
 "quote",
 "unicode-ident",
]

[[package]]
name = "toml_datetime"
version = "0.6.1"
source = "registry+https://github.com/rust-lang/crates.io-index"
checksum = "3ab8ed2edee10b50132aed5f331333428b011c99402b5a534154ed15746f9622"

[[package]]
name = "toml_edit"
version = "0.19.7"
source = "registry+https://github.com/rust-lang/crates.io-index"
checksum = "dc18466501acd8ac6a3f615dd29a3438f8ca6bb3b19537138b3106e575621274"
dependencies = [
 "indexmap",
 "toml_datetime",
 "winnow",
]

[[package]]
name = "unicode-ident"
version = "1.0.8"
source = "registry+https://github.com/rust-lang/crates.io-index"
checksum = "e5464a87b239f13a63a501f2701565754bae92d243d4bb7eb12f6d57d2269bf4"

[[package]]
name = "vcell"
version = "0.1.3"
source = "registry+https://github.com/rust-lang/crates.io-index"
checksum = "77439c1b53d2303b20d9459b1ade71a83c716e3f9c34f3228c00e6f185d6c002"

[[package]]
name = "version_check"
version = "0.9.4"
source = "registry+https://github.com/rust-lang/crates.io-index"
checksum = "49874b5167b65d7193b8aba1567f5c7d93d001cafc34600cee003eda787e483f"

[[package]]
name = "void"
version = "1.0.2"
source = "registry+https://github.com/rust-lang/crates.io-index"
checksum = "6a02e4885ed3bc0f2de90ea6dd45ebcbb66dacffe03547fadbb0eeae2770887d"

[[package]]
name = "winnow"
version = "0.3.6"
source = "registry+https://github.com/rust-lang/crates.io-index"
checksum = "23d020b441f92996c80d94ae9166e8501e59c7bb56121189dc9eab3bd8216966"
dependencies = [
 "memchr",
]
